{
  "version": 4,
  "terraform_version": "1.7.4",
  "serial": 27,
  "lineage": "bd4c77ca-58bf-5cd4-0d11-f8e15dd5f3e8",
  "outputs": {},
  "resources": [
    {
      "mode": "managed",
      "type": "aws_scheduler_schedule",
      "name": "football_score_updater_tf",
      "provider": "provider[\"registry.terraform.io/hashicorp/aws\"]",
      "instances": [
        {
          "schema_version": 0,
          "attributes": {
            "arn": "arn:aws:scheduler:eu-west-2:195571588534:schedule/default/football_score_updater_tf",
            "description": "An eventbridge scheduler to trigger the football score updater lambda (provisioned through Terraform).",
            "end_date": "",
            "flexible_time_window": [
              {
                "maximum_window_in_minutes": 30,
                "mode": "FLEXIBLE"
              }
            ],
            "group_name": "default",
            "id": "default/football_score_updater_tf",
            "kms_key_arn": "",
            "name": "football_score_updater_tf",
            "name_prefix": "",
            "schedule_expression": "cron(0 */5 * * ? *)",
            "schedule_expression_timezone": "UTC",
            "start_date": "",
            "state": "ENABLED",
            "target": [
              {
                "arn": "arn:aws:lambda:eu-west-2:195571588534:function:SpringLadbrokesResultsValidator_tf",
                "dead_letter_config": [],
                "ecs_parameters": [],
                "eventbridge_parameters": [],
                "input": "",
                "kinesis_parameters": [],
                "retry_policy": [
                  {
                    "maximum_event_age_in_seconds": 86400,
                    "maximum_retry_attempts": 185
                  }
                ],
                "role_arn": "arn:aws:iam::195571588534:role/iam_for_eventbridge_results_validator_tf",
                "sagemaker_pipeline_parameters": [],
                "sqs_parameters": []
              }
            ]
          },
          "sensitive_attributes": [],
          "private": "bnVsbA==",
          "dependencies": [
            "module.eventbridge.aws_iam_role.eventbridge_role_tf",
            "module.lambda.aws_cloudwatch_log_group.lambda_log_group",
            "module.lambda.aws_iam_role.iam_for_lambda",
            "module.lambda.aws_iam_role_policy_attachment.cloudwatch_fullaccess_policy_attachment",
            "module.lambda.aws_iam_role_policy_attachment.dynamo_fullaccess_policy_attachment",
            "module.lambda.aws_iam_role_policy_attachment.lambda_fullaccess_policy_attachment",
            "module.lambda.aws_lambda_function.test_lambda"
          ]
        }
      ]
    },
    {
      "module": "module.eventbridge",
      "mode": "managed",
      "type": "aws_iam_role",
      "name": "eventbridge_role_tf",
      "provider": "provider[\"registry.terraform.io/hashicorp/aws\"]",
      "instances": [
        {
          "schema_version": 0,
          "attributes": {
            "arn": "arn:aws:iam::195571588534:role/iam_for_eventbridge_results_validator_tf",
            "assume_role_policy": "{\"Statement\":[{\"Action\":\"sts:AssumeRole\",\"Effect\":\"Allow\",\"Principal\":{\"Service\":\"scheduler.amazonaws.com\"}}],\"Version\":\"2012-10-17\"}",
            "create_date": "2024-05-10T16:30:37Z",
            "description": "EventBridge role to trigger Lambda (provisioned through Terraform)..",
            "force_detach_policies": false,
            "id": "iam_for_eventbridge_results_validator_tf",
            "inline_policy": [],
            "managed_policy_arns": [],
            "max_session_duration": 3600,
            "name": "iam_for_eventbridge_results_validator_tf",
            "name_prefix": "",
            "path": "/",
            "permissions_boundary": "",
            "tags": null,
            "tags_all": {},
            "unique_id": "AROAS3CHZTW3PCFW3PZOX"
          },
          "sensitive_attributes": [],
          "private": "bnVsbA==",
          "dependencies": [
            "module.lambda.aws_cloudwatch_log_group.lambda_log_group",
            "module.lambda.aws_iam_role.iam_for_lambda",
            "module.lambda.aws_iam_role_policy_attachment.cloudwatch_fullaccess_policy_attachment",
            "module.lambda.aws_iam_role_policy_attachment.dynamo_fullaccess_policy_attachment",
            "module.lambda.aws_iam_role_policy_attachment.lambda_fullaccess_policy_attachment",
            "module.lambda.aws_lambda_function.test_lambda"
          ]
        }
      ]
    },
    {
      "module": "module.eventbridge",
      "mode": "managed",
      "type": "aws_iam_role_policy_attachment",
      "name": "cloudwatch_eventbridge_policy_attachment",
      "provider": "provider[\"registry.terraform.io/hashicorp/aws\"]",
      "instances": [
        {
          "schema_version": 0,
          "attributes": {
            "id": "iam_for_eventbridge_results_validator_tf-20240510163039598200000001",
            "policy_arn": "arn:aws:iam::aws:policy/CloudWatchEventsFullAccess",
            "role": "iam_for_eventbridge_results_validator_tf"
          },
          "sensitive_attributes": [],
          "private": "bnVsbA==",
          "dependencies": [
            "module.eventbridge.aws_iam_role.eventbridge_role_tf",
            "module.lambda.aws_cloudwatch_log_group.lambda_log_group",
            "module.lambda.aws_iam_role.iam_for_lambda",
            "module.lambda.aws_iam_role_policy_attachment.cloudwatch_fullaccess_policy_attachment",
            "module.lambda.aws_iam_role_policy_attachment.dynamo_fullaccess_policy_attachment",
            "module.lambda.aws_iam_role_policy_attachment.lambda_fullaccess_policy_attachment",
            "module.lambda.aws_lambda_function.test_lambda"
          ]
        }
      ]
    },
    {
      "module": "module.eventbridge",
      "mode": "managed",
      "type": "aws_iam_role_policy_attachment",
      "name": "lambda_eventbridge_policy_attachment",
      "provider": "provider[\"registry.terraform.io/hashicorp/aws\"]",
      "instances": [
        {
          "schema_version": 0,
          "attributes": {
            "id": "iam_for_eventbridge_results_validator_tf-20240510163039754800000002",
            "policy_arn": "arn:aws:iam::aws:policy/AWSLambda_FullAccess",
            "role": "iam_for_eventbridge_results_validator_tf"
          },
          "sensitive_attributes": [],
          "private": "bnVsbA==",
          "dependencies": [
            "module.eventbridge.aws_iam_role.eventbridge_role_tf",
            "module.lambda.aws_cloudwatch_log_group.lambda_log_group",
            "module.lambda.aws_iam_role.iam_for_lambda",
            "module.lambda.aws_iam_role_policy_attachment.cloudwatch_fullaccess_policy_attachment",
            "module.lambda.aws_iam_role_policy_attachment.dynamo_fullaccess_policy_attachment",
            "module.lambda.aws_iam_role_policy_attachment.lambda_fullaccess_policy_attachment",
            "module.lambda.aws_lambda_function.test_lambda"
          ]
        }
      ]
    },
    {
      "module": "module.lambda",
      "mode": "managed",
      "type": "aws_cloudwatch_log_group",
      "name": "lambda_log_group",
      "provider": "provider[\"registry.terraform.io/hashicorp/aws\"]",
      "instances": [
        {
          "schema_version": 0,
          "attributes": {
            "arn": "arn:aws:logs:eu-west-2:195571588534:log-group:/aws/lambda/SpringLadbrokesResultsValidator_tf",
            "id": "/aws/lambda/SpringLadbrokesResultsValidator_tf",
            "kms_key_id": "",
            "log_group_class": "STANDARD",
            "name": "/aws/lambda/SpringLadbrokesResultsValidator_tf",
            "name_prefix": "",
            "retention_in_days": 0,
            "skip_destroy": false,
            "tags": null,
            "tags_all": {}
          },
          "sensitive_attributes": [],
          "private": "bnVsbA==",
          "dependencies": [
            "module.lambda.aws_iam_role.iam_for_lambda",
            "module.lambda.aws_lambda_function.test_lambda"
          ]
        }
      ]
    },
    {
      "module": "module.lambda",
      "mode": "managed",
      "type": "aws_iam_role",
      "name": "iam_for_lambda",
      "provider": "provider[\"registry.terraform.io/hashicorp/aws\"]",
      "instances": [
        {
          "schema_version": 0,
          "attributes": {
            "arn": "arn:aws:iam::195571588534:role/iam_for_results_updater_lambda",
            "assume_role_policy": "{\"Statement\":[{\"Action\":\"sts:AssumeRole\",\"Effect\":\"Allow\",\"Principal\":{\"Service\":\"lambda.amazonaws.com\"}}],\"Version\":\"2012-10-17\"}",
            "create_date": "2024-05-10T16:26:06Z",
            "description": "",
            "force_detach_policies": false,
            "id": "iam_for_results_updater_lambda",
            "inline_policy": [],
            "managed_policy_arns": [
              "arn:aws:iam::aws:policy/AWSLambda_FullAccess",
              "arn:aws:iam::aws:policy/AmazonDynamoDBFullAccess",
              "arn:aws:iam::aws:policy/CloudWatchLogsFullAccess"
            ],
            "max_session_duration": 3600,
            "name": "iam_for_results_updater_lambda",
            "name_prefix": "",
            "path": "/",
            "permissions_boundary": "",
            "tags": {},
            "tags_all": {},
            "unique_id": "AROAS3CHZTW3FGFOZ6ABI"
          },
          "sensitive_attributes": [],
          "private": "bnVsbA=="
        }
      ]
    },
    {
      "module": "module.lambda",
      "mode": "managed",
      "type": "aws_iam_role_policy_attachment",
      "name": "cloudwatch_fullaccess_policy_attachment",
      "provider": "provider[\"registry.terraform.io/hashicorp/aws\"]",
      "instances": [
        {
          "schema_version": 0,
          "attributes": {
            "id": "iam_for_results_updater_lambda-20240510162608338500000003",
            "policy_arn": "arn:aws:iam::aws:policy/CloudWatchLogsFullAccess",
            "role": "iam_for_results_updater_lambda"
          },
          "sensitive_attributes": [],
          "private": "bnVsbA==",
          "dependencies": [
            "module.lambda.aws_iam_role.iam_for_lambda"
          ]
        }
      ]
    },
    {
      "module": "module.lambda",
      "mode": "managed",
      "type": "aws_iam_role_policy_attachment",
      "name": "dynamo_fullaccess_policy_attachment",
      "provider": "provider[\"registry.terraform.io/hashicorp/aws\"]",
      "instances": [
        {
          "schema_version": 0,
          "attributes": {
            "id": "iam_for_results_updater_lambda-20240510162608034600000001",
            "policy_arn": "arn:aws:iam::aws:policy/AmazonDynamoDBFullAccess",
            "role": "iam_for_results_updater_lambda"
          },
          "sensitive_attributes": [],
          "private": "bnVsbA==",
          "dependencies": [
            "module.lambda.aws_iam_role.iam_for_lambda"
          ]
        }
      ]
    },
    {
      "module": "module.lambda",
      "mode": "managed",
      "type": "aws_iam_role_policy_attachment",
      "name": "lambda_fullaccess_policy_attachment",
      "provider": "provider[\"registry.terraform.io/hashicorp/aws\"]",
      "instances": [
        {
          "schema_version": 0,
          "attributes": {
            "id": "iam_for_results_updater_lambda-20240510162608183100000002",
            "policy_arn": "arn:aws:iam::aws:policy/AWSLambda_FullAccess",
            "role": "iam_for_results_updater_lambda"
          },
          "sensitive_attributes": [],
          "private": "bnVsbA==",
          "dependencies": [
            "module.lambda.aws_iam_role.iam_for_lambda"
          ]
        }
      ]
    },
    {
      "module": "module.lambda",
      "mode": "managed",
      "type": "aws_lambda_function",
      "name": "test_lambda",
      "provider": "provider[\"registry.terraform.io/hashicorp/aws\"]",
      "instances": [
        {
          "schema_version": 0,
          "attributes": {
            "architectures": [
              "x86_64"
            ],
            "arn": "arn:aws:lambda:eu-west-2:195571588534:function:SpringLadbrokesResultsValidator_tf",
            "code_signing_config_arn": "",
            "dead_letter_config": [],
            "description": "",
            "environment": [],
            "ephemeral_storage": [
              {
                "size": 512
              }
            ],
            "file_system_config": [],
            "filename": "./../build/distributions/resultschecker-0.0.1-SNAPSHOT.zip",
            "function_name": "SpringLadbrokesResultsValidator_tf",
            "handler": "com.chrisp1985.resultschecker.StreamLambdaHandler::handleRequest",
            "id": "SpringLadbrokesResultsValidator_tf",
            "image_config": [],
            "image_uri": "",
            "invoke_arn": "arn:aws:apigateway:eu-west-2:lambda:path/2015-03-31/functions/arn:aws:lambda:eu-west-2:195571588534:function:SpringLadbrokesResultsValidator_tf/invocations",
            "kms_key_arn": "",
            "last_modified": "2024-05-10T16:30:31.708+0000",
            "layers": null,
            "logging_config": [
              {
                "application_log_level": "",
                "log_format": "Text",
                "log_group": "/aws/lambda/SpringLadbrokesResultsValidator_tf",
                "system_log_level": ""
              }
            ],
            "memory_size": 2056,
            "package_type": "Zip",
            "publish": false,
            "qualified_arn": "arn:aws:lambda:eu-west-2:195571588534:function:SpringLadbrokesResultsValidator_tf:$LATEST",
            "qualified_invoke_arn": "arn:aws:apigateway:eu-west-2:lambda:path/2015-03-31/functions/arn:aws:lambda:eu-west-2:195571588534:function:SpringLadbrokesResultsValidator_tf:$LATEST/invocations",
            "replace_security_groups_on_destroy": null,
            "replacement_security_group_ids": null,
            "reserved_concurrent_executions": -1,
            "role": "arn:aws:iam::195571588534:role/iam_for_results_updater_lambda",
            "runtime": "java21",
            "s3_bucket": null,
            "s3_key": null,
            "s3_object_version": null,
            "signing_job_arn": "",
            "signing_profile_version_arn": "",
            "skip_destroy": false,
            "snap_start": [],
            "source_code_hash": "DXa12qTKNIiFuSjW8qf+EQDMmfqd81/Us7WPQ2IQ0qw=",
            "source_code_size": 21780521,
            "tags": {
              "deployment": "terraform"
            },
            "tags_all": {
              "deployment": "terraform"
            },
            "timeout": 50,
            "timeouts": null,
            "tracing_config": [
              {
                "mode": "PassThrough"
              }
            ],
            "version": "$LATEST",
            "vpc_config": []
          },
          "sensitive_attributes": [],
          "private": "eyJlMmJmYjczMC1lY2FhLTExZTYtOGY4OC0zNDM2M2JjN2M0YzAiOnsiY3JlYXRlIjo2MDAwMDAwMDAwMDAsImRlbGV0ZSI6NjAwMDAwMDAwMDAwLCJ1cGRhdGUiOjYwMDAwMDAwMDAwMH19",
          "dependencies": [
            "module.lambda.aws_iam_role.iam_for_lambda"
          ]
        }
      ]
    }
  ],
  "check_results": null
}
